// !$*UTF8*$!
{
	archiveVersion = 1;
	classes = {
	};
	objectVersion = 56;
	objects = {

/* Begin PBXBuildFile section */
		D002DA582AB0853E00163D30 /* AddTransactionML.swift in Sources */ = {isa = PBXBuildFile; fileRef = D002DA572AB0853E00163D30 /* AddTransactionML.swift */; };
		D002DA5B2AB0935700163D30 /* TestView.swift in Sources */ = {isa = PBXBuildFile; fileRef = D002DA5A2AB0935700163D30 /* TestView.swift */; };
		D002DA602AB0B0B900163D30 /* User.swift in Sources */ = {isa = PBXBuildFile; fileRef = D002DA5F2AB0B0B900163D30 /* User.swift */; };
		D00FB5BD2AAC4DA100509E39 /* TransactionHistoryView.swift in Sources */ = {isa = PBXBuildFile; fileRef = D00FB5BC2AAC4DA100509E39 /* TransactionHistoryView.swift */; };
		D00FB5BF2AAC4FC500509E39 /* TransactionRowView.swift in Sources */ = {isa = PBXBuildFile; fileRef = D00FB5BE2AAC4FC500509E39 /* TransactionRowView.swift */; };
		D00FB5C22AAC50FF00509E39 /* TransactionItem.swift in Sources */ = {isa = PBXBuildFile; fileRef = D00FB5C12AAC50FF00509E39 /* TransactionItem.swift */; };
		D0158D512AAF450600989A4F /* TransactionHistoryViewModel.swift in Sources */ = {isa = PBXBuildFile; fileRef = D0158D502AAF450600989A4F /* TransactionHistoryViewModel.swift */; };
		D0158D552AAF4DF700989A4F /* AddTransactionView.swift in Sources */ = {isa = PBXBuildFile; fileRef = D0158D542AAF4DF700989A4F /* AddTransactionView.swift */; };
		D0158D5A2AAF525F00989A4F /* SalesAccountView.swift in Sources */ = {isa = PBXBuildFile; fileRef = D0158D592AAF525F00989A4F /* SalesAccountView.swift */; };
		D0158D5D2AAF772800989A4F /* CircleImage.swift in Sources */ = {isa = PBXBuildFile; fileRef = D0158D5C2AAF772800989A4F /* CircleImage.swift */; };
		D02D9A172ADB91B800DF28EE /* AddItemView.swift in Sources */ = {isa = PBXBuildFile; fileRef = D02D9A162ADB91B800DF28EE /* AddItemView.swift */; };
		D042BC9A2AD55621006F8E74 /* CashDrawerView.swift in Sources */ = {isa = PBXBuildFile; fileRef = D042BC992AD55621006F8E74 /* CashDrawerView.swift */; };
		D06BFD4C2AA8F95800CD3613 /* MainTabBarView.swift in Sources */ = {isa = PBXBuildFile; fileRef = D06BFD4B2AA8F95800CD3613 /* MainTabBarView.swift */; };
		D092E7032AD156320057D4A0 /* AddTransactionViewModel.swift in Sources */ = {isa = PBXBuildFile; fileRef = D092E7022AD156320057D4A0 /* AddTransactionViewModel.swift */; };
		D0D2DB502A90785100E07E0D /* FoodHubApp.swift in Sources */ = {isa = PBXBuildFile; fileRef = D0D2DB4F2A90785100E07E0D /* FoodHubApp.swift */; };
		D0D2DB522A90785100E07E0D /* LoginView.swift in Sources */ = {isa = PBXBuildFile; fileRef = D0D2DB512A90785100E07E0D /* LoginView.swift */; };
		D0D2DB542A90785200E07E0D /* Assets.xcassets in Resources */ = {isa = PBXBuildFile; fileRef = D0D2DB532A90785200E07E0D /* Assets.xcassets */; };
		D0D2DB572A90785200E07E0D /* Preview Assets.xcassets in Resources */ = {isa = PBXBuildFile; fileRef = D0D2DB562A90785200E07E0D /* Preview Assets.xcassets */; };
		D0D2DB612A90785200E07E0D /* FoodHubTests.swift in Sources */ = {isa = PBXBuildFile; fileRef = D0D2DB602A90785200E07E0D /* FoodHubTests.swift */; };
		D0D2DB6B2A90785200E07E0D /* FoodHubUITests.swift in Sources */ = {isa = PBXBuildFile; fileRef = D0D2DB6A2A90785200E07E0D /* FoodHubUITests.swift */; };
		D0D2DB6D2A90785200E07E0D /* FoodHubUITestsLaunchTests.swift in Sources */ = {isa = PBXBuildFile; fileRef = D0D2DB6C2A90785200E07E0D /* FoodHubUITestsLaunchTests.swift */; };
		D0D6C5382AD6456800B199C2 /* CalculatorPadView.swift in Sources */ = {isa = PBXBuildFile; fileRef = D0D6C5372AD6456800B199C2 /* CalculatorPadView.swift */; };
		D0D6C53A2AD6481F00B199C2 /* SearchBarView.swift in Sources */ = {isa = PBXBuildFile; fileRef = D0D6C5392AD6481F00B199C2 /* SearchBarView.swift */; };
		D0D6C53D2AD662C100B199C2 /* AddCategoryView.swift in Sources */ = {isa = PBXBuildFile; fileRef = D0D6C53C2AD662C100B199C2 /* AddCategoryView.swift */; };
		D0D6C5402AD66C2000B199C2 /* CategoriesGridView.swift in Sources */ = {isa = PBXBuildFile; fileRef = D0D6C53F2AD66C2000B199C2 /* CategoriesGridView.swift */; };
		D0D6C5422AD6771F00B199C2 /* ProductsListView.swift in Sources */ = {isa = PBXBuildFile; fileRef = D0D6C5412AD6771F00B199C2 /* ProductsListView.swift */; };
		D0D6C5442AD677AD00B199C2 /* ProductCellRow.swift in Sources */ = {isa = PBXBuildFile; fileRef = D0D6C5432AD677AD00B199C2 /* ProductCellRow.swift */; };
		D0D6C5482AD680FA00B199C2 /* Extensions.swift in Sources */ = {isa = PBXBuildFile; fileRef = D0D6C5472AD680FA00B199C2 /* Extensions.swift */; };
		D0ED49D62AD414D4008BE96C /* RegistrationView.swift in Sources */ = {isa = PBXBuildFile; fileRef = D0ED49D52AD414D4008BE96C /* RegistrationView.swift */; };
/* End PBXBuildFile section */

/* Begin PBXContainerItemProxy section */
		D0D2DB5D2A90785200E07E0D /* PBXContainerItemProxy */ = {
			isa = PBXContainerItemProxy;
			containerPortal = D0D2DB442A90785100E07E0D /* Project object */;
			proxyType = 1;
			remoteGlobalIDString = D0D2DB4B2A90785100E07E0D;
			remoteInfo = FoodHub;
		};
		D0D2DB672A90785200E07E0D /* PBXContainerItemProxy */ = {
			isa = PBXContainerItemProxy;
			containerPortal = D0D2DB442A90785100E07E0D /* Project object */;
			proxyType = 1;
			remoteGlobalIDString = D0D2DB4B2A90785100E07E0D;
			remoteInfo = FoodHub;
		};
/* End PBXContainerItemProxy section */

/* Begin PBXFileReference section */
		D002DA572AB0853E00163D30 /* AddTransactionML.swift */ = {isa = PBXFileReference; lastKnownFileType = sourcecode.swift; path = AddTransactionML.swift; sourceTree = "<group>"; };
		D002DA5A2AB0935700163D30 /* TestView.swift */ = {isa = PBXFileReference; lastKnownFileType = sourcecode.swift; path = TestView.swift; sourceTree = "<group>"; };
		D002DA5F2AB0B0B900163D30 /* User.swift */ = {isa = PBXFileReference; lastKnownFileType = sourcecode.swift; path = User.swift; sourceTree = "<group>"; };
		D00FB5BC2AAC4DA100509E39 /* TransactionHistoryView.swift */ = {isa = PBXFileReference; lastKnownFileType = sourcecode.swift; path = TransactionHistoryView.swift; sourceTree = "<group>"; };
		D00FB5BE2AAC4FC500509E39 /* TransactionRowView.swift */ = {isa = PBXFileReference; lastKnownFileType = sourcecode.swift; path = TransactionRowView.swift; sourceTree = "<group>"; };
		D00FB5C12AAC50FF00509E39 /* TransactionItem.swift */ = {isa = PBXFileReference; lastKnownFileType = sourcecode.swift; path = TransactionItem.swift; sourceTree = "<group>"; };
		D0158D502AAF450600989A4F /* TransactionHistoryViewModel.swift */ = {isa = PBXFileReference; lastKnownFileType = sourcecode.swift; path = TransactionHistoryViewModel.swift; sourceTree = "<group>"; };
		D0158D542AAF4DF700989A4F /* AddTransactionView.swift */ = {isa = PBXFileReference; lastKnownFileType = sourcecode.swift; path = AddTransactionView.swift; sourceTree = "<group>"; };
		D0158D592AAF525F00989A4F /* SalesAccountView.swift */ = {isa = PBXFileReference; lastKnownFileType = sourcecode.swift; path = SalesAccountView.swift; sourceTree = "<group>"; };
		D0158D5C2AAF772800989A4F /* CircleImage.swift */ = {isa = PBXFileReference; lastKnownFileType = sourcecode.swift; path = CircleImage.swift; sourceTree = "<group>"; };
		D02D9A162ADB91B800DF28EE /* AddItemView.swift */ = {isa = PBXFileReference; lastKnownFileType = sourcecode.swift; path = AddItemView.swift; sourceTree = "<group>"; };
		D042BC992AD55621006F8E74 /* CashDrawerView.swift */ = {isa = PBXFileReference; lastKnownFileType = sourcecode.swift; path = CashDrawerView.swift; sourceTree = "<group>"; };
		D06BFD4B2AA8F95800CD3613 /* MainTabBarView.swift */ = {isa = PBXFileReference; lastKnownFileType = sourcecode.swift; path = MainTabBarView.swift; sourceTree = "<group>"; };
		D092E7022AD156320057D4A0 /* AddTransactionViewModel.swift */ = {isa = PBXFileReference; lastKnownFileType = sourcecode.swift; path = AddTransactionViewModel.swift; sourceTree = "<group>"; };
		D0D2DB4C2A90785100E07E0D /* FoodHub.app */ = {isa = PBXFileReference; explicitFileType = wrapper.application; includeInIndex = 0; path = FoodHub.app; sourceTree = BUILT_PRODUCTS_DIR; };
		D0D2DB4F2A90785100E07E0D /* FoodHubApp.swift */ = {isa = PBXFileReference; lastKnownFileType = sourcecode.swift; path = FoodHubApp.swift; sourceTree = "<group>"; };
		D0D2DB512A90785100E07E0D /* LoginView.swift */ = {isa = PBXFileReference; lastKnownFileType = sourcecode.swift; path = LoginView.swift; sourceTree = "<group>"; };
		D0D2DB532A90785200E07E0D /* Assets.xcassets */ = {isa = PBXFileReference; lastKnownFileType = folder.assetcatalog; path = Assets.xcassets; sourceTree = "<group>"; };
		D0D2DB562A90785200E07E0D /* Preview Assets.xcassets */ = {isa = PBXFileReference; lastKnownFileType = folder.assetcatalog; path = "Preview Assets.xcassets"; sourceTree = "<group>"; };
		D0D2DB5C2A90785200E07E0D /* FoodHubTests.xctest */ = {isa = PBXFileReference; explicitFileType = wrapper.cfbundle; includeInIndex = 0; path = FoodHubTests.xctest; sourceTree = BUILT_PRODUCTS_DIR; };
		D0D2DB602A90785200E07E0D /* FoodHubTests.swift */ = {isa = PBXFileReference; lastKnownFileType = sourcecode.swift; path = FoodHubTests.swift; sourceTree = "<group>"; };
		D0D2DB662A90785200E07E0D /* FoodHubUITests.xctest */ = {isa = PBXFileReference; explicitFileType = wrapper.cfbundle; includeInIndex = 0; path = FoodHubUITests.xctest; sourceTree = BUILT_PRODUCTS_DIR; };
		D0D2DB6A2A90785200E07E0D /* FoodHubUITests.swift */ = {isa = PBXFileReference; lastKnownFileType = sourcecode.swift; path = FoodHubUITests.swift; sourceTree = "<group>"; };
		D0D2DB6C2A90785200E07E0D /* FoodHubUITestsLaunchTests.swift */ = {isa = PBXFileReference; lastKnownFileType = sourcecode.swift; path = FoodHubUITestsLaunchTests.swift; sourceTree = "<group>"; };
		D0D6C5372AD6456800B199C2 /* CalculatorPadView.swift */ = {isa = PBXFileReference; lastKnownFileType = sourcecode.swift; path = CalculatorPadView.swift; sourceTree = "<group>"; };
		D0D6C5392AD6481F00B199C2 /* SearchBarView.swift */ = {isa = PBXFileReference; lastKnownFileType = sourcecode.swift; path = SearchBarView.swift; sourceTree = "<group>"; };
		D0D6C53C2AD662C100B199C2 /* AddCategoryView.swift */ = {isa = PBXFileReference; lastKnownFileType = sourcecode.swift; path = AddCategoryView.swift; sourceTree = "<group>"; };
		D0D6C53F2AD66C2000B199C2 /* CategoriesGridView.swift */ = {isa = PBXFileReference; lastKnownFileType = sourcecode.swift; path = CategoriesGridView.swift; sourceTree = "<group>"; };
		D0D6C5412AD6771F00B199C2 /* ProductsListView.swift */ = {isa = PBXFileReference; lastKnownFileType = sourcecode.swift; path = ProductsListView.swift; sourceTree = "<group>"; };
		D0D6C5432AD677AD00B199C2 /* ProductCellRow.swift */ = {isa = PBXFileReference; lastKnownFileType = sourcecode.swift; path = ProductCellRow.swift; sourceTree = "<group>"; };
		D0D6C5472AD680FA00B199C2 /* Extensions.swift */ = {isa = PBXFileReference; lastKnownFileType = sourcecode.swift; path = Extensions.swift; sourceTree = "<group>"; };
		D0ED49D52AD414D4008BE96C /* RegistrationView.swift */ = {isa = PBXFileReference; lastKnownFileType = sourcecode.swift; path = RegistrationView.swift; sourceTree = "<group>"; };
/* End PBXFileReference section */

/* Begin PBXFrameworksBuildPhase section */
		D0D2DB492A90785100E07E0D /* Frameworks */ = {
			isa = PBXFrameworksBuildPhase;
			buildActionMask = 2147483647;
			files = (
			);
			runOnlyForDeploymentPostprocessing = 0;
		};
		D0D2DB592A90785200E07E0D /* Frameworks */ = {
			isa = PBXFrameworksBuildPhase;
			buildActionMask = 2147483647;
			files = (
			);
			runOnlyForDeploymentPostprocessing = 0;
		};
		D0D2DB632A90785200E07E0D /* Frameworks */ = {
			isa = PBXFrameworksBuildPhase;
			buildActionMask = 2147483647;
			files = (
			);
			runOnlyForDeploymentPostprocessing = 0;
		};
/* End PBXFrameworksBuildPhase section */

/* Begin PBXGroup section */
		D002DA562AB0852100163D30 /* AddTransactionML */ = {
			isa = PBXGroup;
			children = (
				D002DA572AB0853E00163D30 /* AddTransactionML.swift */,
			);
			path = AddTransactionML;
			sourceTree = "<group>";
		};
		D00FB5C02AAC50DF00509E39 /* Model */ = {
			isa = PBXGroup;
			children = (
				D00FB5C12AAC50FF00509E39 /* TransactionItem.swift */,
				D002DA5F2AB0B0B900163D30 /* User.swift */,
			);
			path = Model;
			sourceTree = "<group>";
		};
		D0158D522AAF4D7E00989A4F /* AddTransaction */ = {
			isa = PBXGroup;
			children = (
				D092E7022AD156320057D4A0 /* AddTransactionViewModel.swift */,
				D0158D542AAF4DF700989A4F /* AddTransactionView.swift */,
				D0D6C5362AD6452500B199C2 /* CalculatorBoard */,
				D0D6C5352AD6451200B199C2 /* SearchBar */,
			);
			path = AddTransaction;
			sourceTree = "<group>";
		};
		D0158D532AAF4D9400989A4F /* TransactionHistory */ = {
			isa = PBXGroup;
			children = (
				D0158D502AAF450600989A4F /* TransactionHistoryViewModel.swift */,
				D00FB5BC2AAC4DA100509E39 /* TransactionHistoryView.swift */,
				D042BC992AD55621006F8E74 /* CashDrawerView.swift */,
				D00FB5BE2AAC4FC500509E39 /* TransactionRowView.swift */,
			);
			path = TransactionHistory;
			sourceTree = "<group>";
		};
		D0158D562AAF51BC00989A4F /* SalesAccount */ = {
			isa = PBXGroup;
			children = (
				D0158D592AAF525F00989A4F /* SalesAccountView.swift */,
			);
			path = SalesAccount;
			sourceTree = "<group>";
		};
		D0158D5B2AAF76FF00989A4F /* Helpers */ = {
			isa = PBXGroup;
			children = (
				D0158D5C2AAF772800989A4F /* CircleImage.swift */,
			);
			path = Helpers;
			sourceTree = "<group>";
		};
		D02D9A152ADB900600DF28EE /* AddItem */ = {
			isa = PBXGroup;
			children = (
				D02D9A162ADB91B800DF28EE /* AddItemView.swift */,
			);
			path = AddItem;
			sourceTree = "<group>";
		};
		D06BFD492AA8F84300CD3613 /* Functionalities */ = {
			isa = PBXGroup;
			children = (
				D0158D532AAF4D9400989A4F /* TransactionHistory */,
				D0158D522AAF4D7E00989A4F /* AddTransaction */,
				D02D9A152ADB900600DF28EE /* AddItem */,
				D0D6C53B2AD6629C00B199C2 /* AddCategory */,
				D002DA562AB0852100163D30 /* AddTransactionML */,
				D0158D562AAF51BC00989A4F /* SalesAccount */,
			);
			path = Functionalities;
			sourceTree = "<group>";
		};
		D06BFD4A2AA8F85F00CD3613 /* MainTabBar */ = {
			isa = PBXGroup;
			children = (
				D06BFD4B2AA8F95800CD3613 /* MainTabBarView.swift */,
			);
			path = MainTabBar;
			sourceTree = "<group>";
		};
		D0D2DB432A90785100E07E0D = {
			isa = PBXGroup;
			children = (
				D0D2DB4E2A90785100E07E0D /* FoodHub */,
				D0D2DB5F2A90785200E07E0D /* FoodHubTests */,
				D0D2DB692A90785200E07E0D /* FoodHubUITests */,
				D0D2DB4D2A90785100E07E0D /* Products */,
			);
			sourceTree = "<group>";
		};
		D0D2DB4D2A90785100E07E0D /* Products */ = {
			isa = PBXGroup;
			children = (
				D0D2DB4C2A90785100E07E0D /* FoodHub.app */,
				D0D2DB5C2A90785200E07E0D /* FoodHubTests.xctest */,
				D0D2DB662A90785200E07E0D /* FoodHubUITests.xctest */,
			);
			name = Products;
			sourceTree = "<group>";
		};
		D0D2DB4E2A90785100E07E0D /* FoodHub */ = {
			isa = PBXGroup;
			children = (
				D0D2DB4F2A90785100E07E0D /* FoodHubApp.swift */,
				D0D6C53E2AD66BCB00B199C2 /* Items */,
				D00FB5C02AAC50DF00509E39 /* Model */,
				D0ED49D42AD414C2008BE96C /* Authentication */,
				D06BFD4A2AA8F85F00CD3613 /* MainTabBar */,
				D06BFD492AA8F84300CD3613 /* Functionalities */,
				D0158D5B2AAF76FF00989A4F /* Helpers */,
				D0D6C5462AD680D500B199C2 /* Utils */,
				D0D2DB532A90785200E07E0D /* Assets.xcassets */,
				D0D2DB552A90785200E07E0D /* Preview Content */,
				D002DA5A2AB0935700163D30 /* TestView.swift */,
			);
			path = FoodHub;
			sourceTree = "<group>";
		};
		D0D2DB552A90785200E07E0D /* Preview Content */ = {
			isa = PBXGroup;
			children = (
				D0D2DB562A90785200E07E0D /* Preview Assets.xcassets */,
			);
			path = "Preview Content";
			sourceTree = "<group>";
		};
		D0D2DB5F2A90785200E07E0D /* FoodHubTests */ = {
			isa = PBXGroup;
			children = (
				D0D2DB602A90785200E07E0D /* FoodHubTests.swift */,
			);
			path = FoodHubTests;
			sourceTree = "<group>";
		};
		D0D2DB692A90785200E07E0D /* FoodHubUITests */ = {
			isa = PBXGroup;
			children = (
				D0D2DB6A2A90785200E07E0D /* FoodHubUITests.swift */,
				D0D2DB6C2A90785200E07E0D /* FoodHubUITestsLaunchTests.swift */,
			);
			path = FoodHubUITests;
			sourceTree = "<group>";
		};
		D0D6C5352AD6451200B199C2 /* SearchBar */ = {
			isa = PBXGroup;
			children = (
				D0D6C5392AD6481F00B199C2 /* SearchBarView.swift */,
			);
			path = SearchBar;
			sourceTree = "<group>";
		};
		D0D6C5362AD6452500B199C2 /* CalculatorBoard */ = {
			isa = PBXGroup;
			children = (
				D0D6C5372AD6456800B199C2 /* CalculatorPadView.swift */,
			);
			path = CalculatorBoard;
			sourceTree = "<group>";
		};
		D0D6C53B2AD6629C00B199C2 /* AddCategory */ = {
			isa = PBXGroup;
			children = (
				D0D6C53C2AD662C100B199C2 /* AddCategoryView.swift */,
			);
			path = AddCategory;
			sourceTree = "<group>";
		};
		D0D6C53E2AD66BCB00B199C2 /* Items */ = {
			isa = PBXGroup;
			children = (
				D0D6C53F2AD66C2000B199C2 /* CategoriesGridView.swift */,
				D0D6C5412AD6771F00B199C2 /* ProductsListView.swift */,
				D0D6C5432AD677AD00B199C2 /* ProductCellRow.swift */,
			);
			path = Items;
			sourceTree = "<group>";
		};
		D0D6C5462AD680D500B199C2 /* Utils */ = {
			isa = PBXGroup;
			children = (
				D0D6C5472AD680FA00B199C2 /* Extensions.swift */,
			);
			path = Utils;
			sourceTree = "<group>";
		};
		D0ED49D42AD414C2008BE96C /* Authentication */ = {
			isa = PBXGroup;
			children = (
				D0D2DB512A90785100E07E0D /* LoginView.swift */,
				D0ED49D52AD414D4008BE96C /* RegistrationView.swift */,
			);
			path = Authentication;
			sourceTree = "<group>";
		};
/* End PBXGroup section */

/* Begin PBXNativeTarget section */
		D0D2DB4B2A90785100E07E0D /* FoodHub */ = {
			isa = PBXNativeTarget;
			buildConfigurationList = D0D2DB702A90785200E07E0D /* Build configuration list for PBXNativeTarget "FoodHub" */;
			buildPhases = (
				D0D2DB482A90785100E07E0D /* Sources */,
				D0D2DB492A90785100E07E0D /* Frameworks */,
				D0D2DB4A2A90785100E07E0D /* Resources */,
			);
			buildRules = (
			);
			dependencies = (
			);
			name = FoodHub;
			productName = FoodHub;
			productReference = D0D2DB4C2A90785100E07E0D /* FoodHub.app */;
			productType = "com.apple.product-type.application";
		};
		D0D2DB5B2A90785200E07E0D /* FoodHubTests */ = {
			isa = PBXNativeTarget;
			buildConfigurationList = D0D2DB732A90785200E07E0D /* Build configuration list for PBXNativeTarget "FoodHubTests" */;
			buildPhases = (
				D0D2DB582A90785200E07E0D /* Sources */,
				D0D2DB592A90785200E07E0D /* Frameworks */,
				D0D2DB5A2A90785200E07E0D /* Resources */,
			);
			buildRules = (
			);
			dependencies = (
				D0D2DB5E2A90785200E07E0D /* PBXTargetDependency */,
			);
			name = FoodHubTests;
			productName = FoodHubTests;
			productReference = D0D2DB5C2A90785200E07E0D /* FoodHubTests.xctest */;
			productType = "com.apple.product-type.bundle.unit-test";
		};
		D0D2DB652A90785200E07E0D /* FoodHubUITests */ = {
			isa = PBXNativeTarget;
			buildConfigurationList = D0D2DB762A90785200E07E0D /* Build configuration list for PBXNativeTarget "FoodHubUITests" */;
			buildPhases = (
				D0D2DB622A90785200E07E0D /* Sources */,
				D0D2DB632A90785200E07E0D /* Frameworks */,
				D0D2DB642A90785200E07E0D /* Resources */,
			);
			buildRules = (
			);
			dependencies = (
				D0D2DB682A90785200E07E0D /* PBXTargetDependency */,
			);
			name = FoodHubUITests;
			productName = FoodHubUITests;
			productReference = D0D2DB662A90785200E07E0D /* FoodHubUITests.xctest */;
			productType = "com.apple.product-type.bundle.ui-testing";
		};
/* End PBXNativeTarget section */

/* Begin PBXProject section */
		D0D2DB442A90785100E07E0D /* Project object */ = {
			isa = PBXProject;
			attributes = {
				BuildIndependentTargetsInParallel = 1;
				LastSwiftUpdateCheck = 1430;
				LastUpgradeCheck = 1430;
				TargetAttributes = {
					D0D2DB4B2A90785100E07E0D = {
						CreatedOnToolsVersion = 14.3;
					};
					D0D2DB5B2A90785200E07E0D = {
						CreatedOnToolsVersion = 14.3;
						TestTargetID = D0D2DB4B2A90785100E07E0D;
					};
					D0D2DB652A90785200E07E0D = {
						CreatedOnToolsVersion = 14.3;
						TestTargetID = D0D2DB4B2A90785100E07E0D;
					};
				};
			};
			buildConfigurationList = D0D2DB472A90785100E07E0D /* Build configuration list for PBXProject "FoodHub" */;
			compatibilityVersion = "Xcode 14.0";
			developmentRegion = en;
			hasScannedForEncodings = 0;
			knownRegions = (
				en,
				Base,
			);
			mainGroup = D0D2DB432A90785100E07E0D;
			productRefGroup = D0D2DB4D2A90785100E07E0D /* Products */;
			projectDirPath = "";
			projectRoot = "";
			targets = (
				D0D2DB4B2A90785100E07E0D /* FoodHub */,
				D0D2DB5B2A90785200E07E0D /* FoodHubTests */,
				D0D2DB652A90785200E07E0D /* FoodHubUITests */,
			);
		};
/* End PBXProject section */

/* Begin PBXResourcesBuildPhase section */
		D0D2DB4A2A90785100E07E0D /* Resources */ = {
			isa = PBXResourcesBuildPhase;
			buildActionMask = 2147483647;
			files = (
				D0D2DB572A90785200E07E0D /* Preview Assets.xcassets in Resources */,
				D0D2DB542A90785200E07E0D /* Assets.xcassets in Resources */,
			);
			runOnlyForDeploymentPostprocessing = 0;
		};
		D0D2DB5A2A90785200E07E0D /* Resources */ = {
			isa = PBXResourcesBuildPhase;
			buildActionMask = 2147483647;
			files = (
			);
			runOnlyForDeploymentPostprocessing = 0;
		};
		D0D2DB642A90785200E07E0D /* Resources */ = {
			isa = PBXResourcesBuildPhase;
			buildActionMask = 2147483647;
			files = (
			);
			runOnlyForDeploymentPostprocessing = 0;
		};
/* End PBXResourcesBuildPhase section */

/* Begin PBXSourcesBuildPhase section */
		D0D2DB482A90785100E07E0D /* Sources */ = {
			isa = PBXSourcesBuildPhase;
			buildActionMask = 2147483647;
			files = (
				D0D6C5482AD680FA00B199C2 /* Extensions.swift in Sources */,
				D002DA602AB0B0B900163D30 /* User.swift in Sources */,
				D0D6C5442AD677AD00B199C2 /* ProductCellRow.swift in Sources */,
				D002DA5B2AB0935700163D30 /* TestView.swift in Sources */,
				D0D2DB522A90785100E07E0D /* LoginView.swift in Sources */,
				D00FB5C22AAC50FF00509E39 /* TransactionItem.swift in Sources */,
				D0158D5A2AAF525F00989A4F /* SalesAccountView.swift in Sources */,
				D02D9A172ADB91B800DF28EE /* AddItemView.swift in Sources */,
				D0D6C5422AD6771F00B199C2 /* ProductsListView.swift in Sources */,
				D0D6C53D2AD662C100B199C2 /* AddCategoryView.swift in Sources */,
				D0158D512AAF450600989A4F /* TransactionHistoryViewModel.swift in Sources */,
				D06BFD4C2AA8F95800CD3613 /* MainTabBarView.swift in Sources */,
				D0D6C5402AD66C2000B199C2 /* CategoriesGridView.swift in Sources */,
				D00FB5BF2AAC4FC500509E39 /* TransactionRowView.swift in Sources */,
				D0158D552AAF4DF700989A4F /* AddTransactionView.swift in Sources */,
				D0ED49D62AD414D4008BE96C /* RegistrationView.swift in Sources */,
				D0D6C53A2AD6481F00B199C2 /* SearchBarView.swift in Sources */,
				D092E7032AD156320057D4A0 /* AddTransactionViewModel.swift in Sources */,
				D00FB5BD2AAC4DA100509E39 /* TransactionHistoryView.swift in Sources */,
				D0D6C5382AD6456800B199C2 /* CalculatorPadView.swift in Sources */,
				D0D2DB502A90785100E07E0D /* FoodHubApp.swift in Sources */,
				D0158D5D2AAF772800989A4F /* CircleImage.swift in Sources */,
				D042BC9A2AD55621006F8E74 /* CashDrawerView.swift in Sources */,
				D002DA582AB0853E00163D30 /* AddTransactionML.swift in Sources */,
			);
			runOnlyForDeploymentPostprocessing = 0;
		};
		D0D2DB582A90785200E07E0D /* Sources */ = {
			isa = PBXSourcesBuildPhase;
			buildActionMask = 2147483647;
			files = (
				D0D2DB612A90785200E07E0D /* FoodHubTests.swift in Sources */,
			);
			runOnlyForDeploymentPostprocessing = 0;
		};
		D0D2DB622A90785200E07E0D /* Sources */ = {
			isa = PBXSourcesBuildPhase;
			buildActionMask = 2147483647;
			files = (
				D0D2DB6D2A90785200E07E0D /* FoodHubUITestsLaunchTests.swift in Sources */,
				D0D2DB6B2A90785200E07E0D /* FoodHubUITests.swift in Sources */,
			);
			runOnlyForDeploymentPostprocessing = 0;
		};
/* End PBXSourcesBuildPhase section */

/* Begin PBXTargetDependency section */
		D0D2DB5E2A90785200E07E0D /* PBXTargetDependency */ = {
			isa = PBXTargetDependency;
			target = D0D2DB4B2A90785100E07E0D /* FoodHub */;
			targetProxy = D0D2DB5D2A90785200E07E0D /* PBXContainerItemProxy */;
		};
		D0D2DB682A90785200E07E0D /* PBXTargetDependency */ = {
			isa = PBXTargetDependency;
			target = D0D2DB4B2A90785100E07E0D /* FoodHub */;
			targetProxy = D0D2DB672A90785200E07E0D /* PBXContainerItemProxy */;
		};
/* End PBXTargetDependency section */

/* Begin XCBuildConfiguration section */
		D0D2DB6E2A90785200E07E0D /* Debug */ = {
			isa = XCBuildConfiguration;
			buildSettings = {
				ALWAYS_SEARCH_USER_PATHS = NO;
				CLANG_ANALYZER_NONNULL = YES;
				CLANG_ANALYZER_NUMBER_OBJECT_CONVERSION = YES_AGGRESSIVE;
				CLANG_CXX_LANGUAGE_STANDARD = "gnu++20";
				CLANG_ENABLE_MODULES = YES;
				CLANG_ENABLE_OBJC_ARC = YES;
				CLANG_ENABLE_OBJC_WEAK = YES;
				CLANG_WARN_BLOCK_CAPTURE_AUTORELEASING = YES;
				CLANG_WARN_BOOL_CONVERSION = YES;
				CLANG_WARN_COMMA = YES;
				CLANG_WARN_CONSTANT_CONVERSION = YES;
				CLANG_WARN_DEPRECATED_OBJC_IMPLEMENTATIONS = YES;
				CLANG_WARN_DIRECT_OBJC_ISA_USAGE = YES_ERROR;
				CLANG_WARN_DOCUMENTATION_COMMENTS = YES;
				CLANG_WARN_EMPTY_BODY = YES;
				CLANG_WARN_ENUM_CONVERSION = YES;
				CLANG_WARN_INFINITE_RECURSION = YES;
				CLANG_WARN_INT_CONVERSION = YES;
				CLANG_WARN_NON_LITERAL_NULL_CONVERSION = YES;
				CLANG_WARN_OBJC_IMPLICIT_RETAIN_SELF = YES;
				CLANG_WARN_OBJC_LITERAL_CONVERSION = YES;
				CLANG_WARN_OBJC_ROOT_CLASS = YES_ERROR;
				CLANG_WARN_QUOTED_INCLUDE_IN_FRAMEWORK_HEADER = YES;
				CLANG_WARN_RANGE_LOOP_ANALYSIS = YES;
				CLANG_WARN_STRICT_PROTOTYPES = YES;
				CLANG_WARN_SUSPICIOUS_MOVE = YES;
				CLANG_WARN_UNGUARDED_AVAILABILITY = YES_AGGRESSIVE;
				CLANG_WARN_UNREACHABLE_CODE = YES;
				CLANG_WARN__DUPLICATE_METHOD_MATCH = YES;
				COPY_PHASE_STRIP = NO;
				DEBUG_INFORMATION_FORMAT = dwarf;
				ENABLE_STRICT_OBJC_MSGSEND = YES;
				ENABLE_TESTABILITY = YES;
				GCC_C_LANGUAGE_STANDARD = gnu11;
				GCC_DYNAMIC_NO_PIC = NO;
				GCC_NO_COMMON_BLOCKS = YES;
				GCC_OPTIMIZATION_LEVEL = 0;
				GCC_PREPROCESSOR_DEFINITIONS = (
					"DEBUG=1",
					"$(inherited)",
				);
				GCC_WARN_64_TO_32_BIT_CONVERSION = YES;
				GCC_WARN_ABOUT_RETURN_TYPE = YES_ERROR;
				GCC_WARN_UNDECLARED_SELECTOR = YES;
				GCC_WARN_UNINITIALIZED_AUTOS = YES_AGGRESSIVE;
				GCC_WARN_UNUSED_FUNCTION = YES;
				GCC_WARN_UNUSED_VARIABLE = YES;
				IPHONEOS_DEPLOYMENT_TARGET = 16.4;
				MTL_ENABLE_DEBUG_INFO = INCLUDE_SOURCE;
				MTL_FAST_MATH = YES;
				ONLY_ACTIVE_ARCH = YES;
				SDKROOT = iphoneos;
				SWIFT_ACTIVE_COMPILATION_CONDITIONS = DEBUG;
				SWIFT_OPTIMIZATION_LEVEL = "-Onone";
			};
			name = Debug;
		};
		D0D2DB6F2A90785200E07E0D /* Release */ = {
			isa = XCBuildConfiguration;
			buildSettings = {
				ALWAYS_SEARCH_USER_PATHS = NO;
				CLANG_ANALYZER_NONNULL = YES;
				CLANG_ANALYZER_NUMBER_OBJECT_CONVERSION = YES_AGGRESSIVE;
				CLANG_CXX_LANGUAGE_STANDARD = "gnu++20";
				CLANG_ENABLE_MODULES = YES;
				CLANG_ENABLE_OBJC_ARC = YES;
				CLANG_ENABLE_OBJC_WEAK = YES;
				CLANG_WARN_BLOCK_CAPTURE_AUTORELEASING = YES;
				CLANG_WARN_BOOL_CONVERSION = YES;
				CLANG_WARN_COMMA = YES;
				CLANG_WARN_CONSTANT_CONVERSION = YES;
				CLANG_WARN_DEPRECATED_OBJC_IMPLEMENTATIONS = YES;
				CLANG_WARN_DIRECT_OBJC_ISA_USAGE = YES_ERROR;
				CLANG_WARN_DOCUMENTATION_COMMENTS = YES;
				CLANG_WARN_EMPTY_BODY = YES;
				CLANG_WARN_ENUM_CONVERSION = YES;
				CLANG_WARN_INFINITE_RECURSION = YES;
				CLANG_WARN_INT_CONVERSION = YES;
				CLANG_WARN_NON_LITERAL_NULL_CONVERSION = YES;
				CLANG_WARN_OBJC_IMPLICIT_RETAIN_SELF = YES;
				CLANG_WARN_OBJC_LITERAL_CONVERSION = YES;
				CLANG_WARN_OBJC_ROOT_CLASS = YES_ERROR;
				CLANG_WARN_QUOTED_INCLUDE_IN_FRAMEWORK_HEADER = YES;
				CLANG_WARN_RANGE_LOOP_ANALYSIS = YES;
				CLANG_WARN_STRICT_PROTOTYPES = YES;
				CLANG_WARN_SUSPICIOUS_MOVE = YES;
				CLANG_WARN_UNGUARDED_AVAILABILITY = YES_AGGRESSIVE;
				CLANG_WARN_UNREACHABLE_CODE = YES;
				CLANG_WARN__DUPLICATE_METHOD_MATCH = YES;
				COPY_PHASE_STRIP = NO;
				DEBUG_INFORMATION_FORMAT = "dwarf-with-dsym";
				ENABLE_NS_ASSERTIONS = NO;
				ENABLE_STRICT_OBJC_MSGSEND = YES;
				GCC_C_LANGUAGE_STANDARD = gnu11;
				GCC_NO_COMMON_BLOCKS = YES;
				GCC_WARN_64_TO_32_BIT_CONVERSION = YES;
				GCC_WARN_ABOUT_RETURN_TYPE = YES_ERROR;
				GCC_WARN_UNDECLARED_SELECTOR = YES;
				GCC_WARN_UNINITIALIZED_AUTOS = YES_AGGRESSIVE;
				GCC_WARN_UNUSED_FUNCTION = YES;
				GCC_WARN_UNUSED_VARIABLE = YES;
				IPHONEOS_DEPLOYMENT_TARGET = 16.4;
				MTL_ENABLE_DEBUG_INFO = NO;
				MTL_FAST_MATH = YES;
				SDKROOT = iphoneos;
				SWIFT_COMPILATION_MODE = wholemodule;
				SWIFT_OPTIMIZATION_LEVEL = "-O";
				VALIDATE_PRODUCT = YES;
			};
			name = Release;
		};
		D0D2DB712A90785200E07E0D /* Debug */ = {
			isa = XCBuildConfiguration;
			buildSettings = {
				ASSETCATALOG_COMPILER_APPICON_NAME = AppIcon;
				ASSETCATALOG_COMPILER_GLOBAL_ACCENT_COLOR_NAME = AccentColor;
				CODE_SIGN_STYLE = Automatic;
				CURRENT_PROJECT_VERSION = 1;
				DEVELOPMENT_ASSET_PATHS = "\"FoodHub/Preview Content\"";
				DEVELOPMENT_TEAM = UWF2AC7CJL;
				ENABLE_PREVIEWS = YES;
				GENERATE_INFOPLIST_FILE = YES;
				INFOPLIST_KEY_UIApplicationSceneManifest_Generation = YES;
				INFOPLIST_KEY_UIApplicationSupportsIndirectInputEvents = YES;
				INFOPLIST_KEY_UILaunchScreen_Generation = YES;
				INFOPLIST_KEY_UISupportedInterfaceOrientations_iPad = "UIInterfaceOrientationPortrait UIInterfaceOrientationPortraitUpsideDown UIInterfaceOrientationLandscapeLeft UIInterfaceOrientationLandscapeRight";
				INFOPLIST_KEY_UISupportedInterfaceOrientations_iPhone = "UIInterfaceOrientationPortrait UIInterfaceOrientationLandscapeLeft UIInterfaceOrientationLandscapeRight";
				IPHONEOS_DEPLOYMENT_TARGET = 16.0;
				LD_RUNPATH_SEARCH_PATHS = (
					"$(inherited)",
					"@executable_path/Frameworks",
				);
				MARKETING_VERSION = 1.0;
				PRODUCT_BUNDLE_IDENTIFIER = com.JEGFoodHub.FoodHub;
				PRODUCT_NAME = "$(TARGET_NAME)";
				SWIFT_EMIT_LOC_STRINGS = YES;
				SWIFT_VERSION = 5.0;
				TARGETED_DEVICE_FAMILY = "1,2";
			};
			name = Debug;
		};
		D0D2DB722A90785200E07E0D /* Release */ = {
			isa = XCBuildConfiguration;
			buildSettings = {
				ASSETCATALOG_COMPILER_APPICON_NAME = AppIcon;
				ASSETCATALOG_COMPILER_GLOBAL_ACCENT_COLOR_NAME = AccentColor;
				CODE_SIGN_STYLE = Automatic;
				CURRENT_PROJECT_VERSION = 1;
				DEVELOPMENT_ASSET_PATHS = "\"FoodHub/Preview Content\"";
				DEVELOPMENT_TEAM = UWF2AC7CJL;
				ENABLE_PREVIEWS = YES;
				GENERATE_INFOPLIST_FILE = YES;
				INFOPLIST_KEY_UIApplicationSceneManifest_Generation = YES;
				INFOPLIST_KEY_UIApplicationSupportsIndirectInputEvents = YES;
				INFOPLIST_KEY_UILaunchScreen_Generation = YES;
				INFOPLIST_KEY_UISupportedInterfaceOrientations_iPad = "UIInterfaceOrientationPortrait UIInterfaceOrientationPortraitUpsideDown UIInterfaceOrientationLandscapeLeft UIInterfaceOrientationLandscapeRight";
				INFOPLIST_KEY_UISupportedInterfaceOrientations_iPhone = "UIInterfaceOrientationPortrait UIInterfaceOrientationLandscapeLeft UIInterfaceOrientationLandscapeRight";
				IPHONEOS_DEPLOYMENT_TARGET = 16.0;
				LD_RUNPATH_SEARCH_PATHS = (
					"$(inherited)",
					"@executable_path/Frameworks",
				);
				MARKETING_VERSION = 1.0;
				PRODUCT_BUNDLE_IDENTIFIER = com.JEGFoodHub.FoodHub;
				PRODUCT_NAME = "$(TARGET_NAME)";
				SWIFT_EMIT_LOC_STRINGS = YES;
				SWIFT_VERSION = 5.0;
				TARGETED_DEVICE_FAMILY = "1,2";
			};
			name = Release;
		};
		D0D2DB742A90785200E07E0D /* Debug */ = {
			isa = XCBuildConfiguration;
			buildSettings = {
				ALWAYS_EMBED_SWIFT_STANDARD_LIBRARIES = YES;
				BUNDLE_LOADER = "$(TEST_HOST)";
				CODE_SIGN_STYLE = Automatic;
				CURRENT_PROJECT_VERSION = 1;
				DEVELOPMENT_TEAM = UWF2AC7CJL;
				GENERATE_INFOPLIST_FILE = YES;
				IPHONEOS_DEPLOYMENT_TARGET = 16.4;
				MARKETING_VERSION = 1.0;
				PRODUCT_BUNDLE_IDENTIFIER = com.JEGFoodHub.FoodHubTests;
				PRODUCT_NAME = "$(TARGET_NAME)";
				SWIFT_EMIT_LOC_STRINGS = NO;
				SWIFT_VERSION = 5.0;
				TARGETED_DEVICE_FAMILY = "1,2";
				TEST_HOST = "$(BUILT_PRODUCTS_DIR)/FoodHub.app/$(BUNDLE_EXECUTABLE_FOLDER_PATH)/FoodHub";
			};
			name = Debug;
		};
		D0D2DB752A90785200E07E0D /* Release */ = {
			isa = XCBuildConfiguration;
			buildSettings = {
				ALWAYS_EMBED_SWIFT_STANDARD_LIBRARIES = YES;
				BUNDLE_LOADER = "$(TEST_HOST)";
				CODE_SIGN_STYLE = Automatic;
				CURRENT_PROJECT_VERSION = 1;
				DEVELOPMENT_TEAM = UWF2AC7CJL;
				GENERATE_INFOPLIST_FILE = YES;
				IPHONEOS_DEPLOYMENT_TARGET = 16.4;
				MARKETING_VERSION = 1.0;
				PRODUCT_BUNDLE_IDENTIFIER = com.JEGFoodHub.FoodHubTests;
				PRODUCT_NAME = "$(TARGET_NAME)";
				SWIFT_EMIT_LOC_STRINGS = NO;
				SWIFT_VERSION = 5.0;
				TARGETED_DEVICE_FAMILY = "1,2";
				TEST_HOST = "$(BUILT_PRODUCTS_DIR)/FoodHub.app/$(BUNDLE_EXECUTABLE_FOLDER_PATH)/FoodHub";
			};
			name = Release;
		};
		D0D2DB772A90785200E07E0D /* Debug */ = {
			isa = XCBuildConfiguration;
			buildSettings = {
				ALWAYS_EMBED_SWIFT_STANDARD_LIBRARIES = YES;
				CODE_SIGN_STYLE = Automatic;
				CURRENT_PROJECT_VERSION = 1;
				DEVELOPMENT_TEAM = UWF2AC7CJL;
				GENERATE_INFOPLIST_FILE = YES;
				MARKETING_VERSION = 1.0;
				PRODUCT_BUNDLE_IDENTIFIER = com.JEGFoodHub.FoodHubUITests;
				PRODUCT_NAME = "$(TARGET_NAME)";
				SWIFT_EMIT_LOC_STRINGS = NO;
				SWIFT_VERSION = 5.0;
				TARGETED_DEVICE_FAMILY = "1,2";
				TEST_TARGET_NAME = FoodHub;
			};
			name = Debug;
		};
		D0D2DB782A90785200E07E0D /* Release */ = {
			isa = XCBuildConfiguration;
			buildSettings = {
				ALWAYS_EMBED_SWIFT_STANDARD_LIBRARIES = YES;
				CODE_SIGN_STYLE = Automatic;
				CURRENT_PROJECT_VERSION = 1;
				DEVELOPMENT_TEAM = UWF2AC7CJL;
				GENERATE_INFOPLIST_FILE = YES;
				MARKETING_VERSION = 1.0;
				PRODUCT_BUNDLE_IDENTIFIER = com.JEGFoodHub.FoodHubUITests;
				PRODUCT_NAME = "$(TARGET_NAME)";
				SWIFT_EMIT_LOC_STRINGS = NO;
				SWIFT_VERSION = 5.0;
				TARGETED_DEVICE_FAMILY = "1,2";
				TEST_TARGET_NAME = FoodHub;
			};
			name = Release;
		};
/* End XCBuildConfiguration section */

/* Begin XCConfigurationList section */
		D0D2DB472A90785100E07E0D /* Build configuration list for PBXProject "FoodHub" */ = {
			isa = XCConfigurationList;
			buildConfigurations = (
				D0D2DB6E2A90785200E07E0D /* Debug */,
				D0D2DB6F2A90785200E07E0D /* Release */,
			);
			defaultConfigurationIsVisible = 0;
			defaultConfigurationName = Release;
		};
		D0D2DB702A90785200E07E0D /* Build configuration list for PBXNativeTarget "FoodHub" */ = {
			isa = XCConfigurationList;
			buildConfigurations = (
				D0D2DB712A90785200E07E0D /* Debug */,
				D0D2DB722A90785200E07E0D /* Release */,
			);
			defaultConfigurationIsVisible = 0;
			defaultConfigurationName = Release;
		};
		D0D2DB732A90785200E07E0D /* Build configuration list for PBXNativeTarget "FoodHubTests" */ = {
			isa = XCConfigurationList;
			buildConfigurations = (
				D0D2DB742A90785200E07E0D /* Debug */,
				D0D2DB752A90785200E07E0D /* Release */,
			);
			defaultConfigurationIsVisible = 0;
			defaultConfigurationName = Release;
		};
		D0D2DB762A90785200E07E0D /* Build configuration list for PBXNativeTarget "FoodHubUITests" */ = {
			isa = XCConfigurationList;
			buildConfigurations = (
				D0D2DB772A90785200E07E0D /* Debug */,
				D0D2DB782A90785200E07E0D /* Release */,
			);
			defaultConfigurationIsVisible = 0;
			defaultConfigurationName = Release;
		};
/* End XCConfigurationList section */
	};
	rootObject = D0D2DB442A90785100E07E0D /* Project object */;
}
